
Microsoft Visual Studio Solution File, Format Version 12.00
# Visual Studio Version 16
VisualStudioVersion = 25.0.1706.0
MinimumVisualStudioVersion = 10.0.40219.1
Project("{FAE04EC0-301F-11D3-BF4B-00C04F79EFBC}") = "TerminalToDoList", "TerminalToDoList\TerminalToDoList.csproj", "{C44BCB49-C295-4156-85A8-56D19F351565}"
EndProject
Global
	GlobalSection(SolutionConfigurationPlatforms) = preSolution
		Debug|Any CPU = Debug|Any CPU
		Release|Any CPU = Release|Any CPU
	EndGlobalSection
	GlobalSection(ProjectConfigurationPlatforms) = postSolution
		{C44BCB49-C295-4156-85A8-56D19F351565}.Debug|Any CPU.ActiveCfg = Debug|Any CPU
		{C44BCB49-C295-4156-85A8-56D19F351565}.Debug|Any CPU.Build.0 = Debug|Any CPU
		{C44BCB49-C295-4156-85A8-56D19F351565}.Release|Any CPU.ActiveCfg = Release|Any CPU
		{C44BCB49-C295-4156-85A8-56D19F351565}.Release|Any CPU.Build.0 = Release|Any CPU
	EndGlobalSection
	GlobalSection(SolutionProperties) = preSolution
		HideSolutionNode = FALSE
	EndGlobalSection
	GlobalSection(ExtensibilityGlobals) = postSolution
		SolutionGuid = {CBC75A30-D056-413A-BAF8-8EEE05AECB81}
	EndGlobalSection
EndGlobal
